// !$*UTF8*$!
{
	archiveVersion = 1;
	classes = {
	};
	objectVersion = 54;
	objects = {

/* Begin PBXBuildFile section */
		00E356F31AD99517003FC87E /* schedulerTests.m in Sources */ = {isa = PBXBuildFile; fileRef = 00E356F21AD99517003FC87E /* schedulerTests.m */; };
		0C80B921A6F3F58F76C31292 /* libPods-scheduler.a in Frameworks */ = {isa = PBXBuildFile; fileRef = 5DCACB8F33CDC322A6C60F78 /* libPods-scheduler.a */; };
		13B07FBC1A68108700A75B9A /* AppDelegate.mm in Sources */ = {isa = PBXBuildFile; fileRef = 13B07FB01A68108700A75B9A /* AppDelegate.mm */; };
		13B07FBF1A68108700A75B9A /* Images.xcassets in Resources */ = {isa = PBXBuildFile; fileRef = 13B07FB51A68108700A75B9A /* Images.xcassets */; };
		13B07FC11A68108700A75B9A /* main.m in Sources */ = {isa = PBXBuildFile; fileRef = 13B07FB71A68108700A75B9A /* main.m */; };
		20D06A8B341C47C6BC2A4C3F /* NotoSansKR-Bold.ttf in Resources */ = {isa = PBXBuildFile; fileRef = E220C801B8A84431A5EEC97C /* NotoSansKR-Bold.ttf */; };
		280C84131F5443EE8F0E2BC9 /* NotoSansKR-SemiBold.ttf in Resources */ = {isa = PBXBuildFile; fileRef = 2682CE8DAAB7434F928362CD /* NotoSansKR-SemiBold.ttf */; };
		62F9635A95194B75AF1D4B66 /* NotoSansKR-Medium.ttf in Resources */ = {isa = PBXBuildFile; fileRef = 806ACE605C064BD48FFBD516 /* NotoSansKR-Medium.ttf */; };
		7699B88040F8A987B510C191 /* libPods-scheduler-schedulerTests.a in Frameworks */ = {isa = PBXBuildFile; fileRef = 19F6CBCC0A4E27FBF8BF4A61 /* libPods-scheduler-schedulerTests.a */; };
		774D0D8650044BEA883D392C /* NotoSansKR-Black.ttf in Resources */ = {isa = PBXBuildFile; fileRef = 258FD1377F9040FB8661C4E4 /* NotoSansKR-Black.ttf */; };
		81AB9BB82411601600AC10FF /* LaunchScreen.storyboard in Resources */ = {isa = PBXBuildFile; fileRef = 81AB9BB72411601600AC10FF /* LaunchScreen.storyboard */; };
		92B1D22EAA9F4FA7BF63D0B6 /* PermanentMarker-Regular.ttf in Resources */ = {isa = PBXBuildFile; fileRef = 2F5D7A261C924E2A9EB72319 /* PermanentMarker-Regular.ttf */; };
		BC466F3BD04C4F5FB60C397E /* NotoSansKR-Light.ttf in Resources */ = {isa = PBXBuildFile; fileRef = FAD85D48847641CB8AB6AE67 /* NotoSansKR-Light.ttf */; };
		BEDD4DD56D494F2BA63D9B3B /* NotoSansKR-ExtraBold.ttf in Resources */ = {isa = PBXBuildFile; fileRef = 54C48EB1F93D45128B5AA375 /* NotoSansKR-ExtraBold.ttf */; };
		D9561D39174F4F77B17C0F66 /* NotoSansKR-Regular.ttf in Resources */ = {isa = PBXBuildFile; fileRef = 22A70592456544C7A097343A /* NotoSansKR-Regular.ttf */; };
		E71B683560C748D494B66849 /* NotoSansKR-Thin.ttf in Resources */ = {isa = PBXBuildFile; fileRef = DBC347FE6D074A3893497892 /* NotoSansKR-Thin.ttf */; };
		EAE02741A21D42D5A6825935 /* NotoSansKR-ExtraLight.ttf in Resources */ = {isa = PBXBuildFile; fileRef = 7C1506209B7449F6AF011ADE /* NotoSansKR-ExtraLight.ttf */; };
/* End PBXBuildFile section */

/* Begin PBXContainerItemProxy section */
		00E356F41AD99517003FC87E /* PBXContainerItemProxy */ = {
			isa = PBXContainerItemProxy;
			containerPortal = 83CBB9F71A601CBA00E9B192 /* Project object */;
			proxyType = 1;
			remoteGlobalIDString = 13B07F861A680F5B00A75B9A;
			remoteInfo = scheduler;
		};
/* End PBXContainerItemProxy section */

/* Begin PBXFileReference section */
		00E356EE1AD99517003FC87E /* schedulerTests.xctest */ = {isa = PBXFileReference; explicitFileType = wrapper.cfbundle; includeInIndex = 0; path = schedulerTests.xctest; sourceTree = BUILT_PRODUCTS_DIR; };
		00E356F11AD99517003FC87E /* Info.plist */ = {isa = PBXFileReference; lastKnownFileType = text.plist.xml; path = Info.plist; sourceTree = "<group>"; };
		00E356F21AD99517003FC87E /* schedulerTests.m */ = {isa = PBXFileReference; lastKnownFileType = sourcecode.c.objc; path = schedulerTests.m; sourceTree = "<group>"; };
		13B07F961A680F5B00A75B9A /* scheduler.app */ = {isa = PBXFileReference; explicitFileType = wrapper.application; includeInIndex = 0; path = scheduler.app; sourceTree = BUILT_PRODUCTS_DIR; };
		13B07FAF1A68108700A75B9A /* AppDelegate.h */ = {isa = PBXFileReference; fileEncoding = 4; lastKnownFileType = sourcecode.c.h; name = AppDelegate.h; path = scheduler/AppDelegate.h; sourceTree = "<group>"; };
		13B07FB01A68108700A75B9A /* AppDelegate.mm */ = {isa = PBXFileReference; fileEncoding = 4; lastKnownFileType = sourcecode.cpp.objcpp; name = AppDelegate.mm; path = scheduler/AppDelegate.mm; sourceTree = "<group>"; };
		13B07FB51A68108700A75B9A /* Images.xcassets */ = {isa = PBXFileReference; lastKnownFileType = folder.assetcatalog; name = Images.xcassets; path = scheduler/Images.xcassets; sourceTree = "<group>"; };
		13B07FB61A68108700A75B9A /* Info.plist */ = {isa = PBXFileReference; fileEncoding = 4; lastKnownFileType = text.plist.xml; name = Info.plist; path = scheduler/Info.plist; sourceTree = "<group>"; };
		13B07FB71A68108700A75B9A /* main.m */ = {isa = PBXFileReference; fileEncoding = 4; lastKnownFileType = sourcecode.c.objc; name = main.m; path = scheduler/main.m; sourceTree = "<group>"; };
		19F6CBCC0A4E27FBF8BF4A61 /* libPods-scheduler-schedulerTests.a */ = {isa = PBXFileReference; explicitFileType = archive.ar; includeInIndex = 0; path = "libPods-scheduler-schedulerTests.a"; sourceTree = BUILT_PRODUCTS_DIR; };
		22A70592456544C7A097343A /* NotoSansKR-Regular.ttf */ = {isa = PBXFileReference; explicitFileType = undefined; fileEncoding = undefined; includeInIndex = 0; lastKnownFileType = unknown; name = "NotoSansKR-Regular.ttf"; path = "../assets/fonts/NotoSansKR-Regular.ttf"; sourceTree = "<group>"; };
		258FD1377F9040FB8661C4E4 /* NotoSansKR-Black.ttf */ = {isa = PBXFileReference; explicitFileType = undefined; fileEncoding = undefined; includeInIndex = 0; lastKnownFileType = unknown; name = "NotoSansKR-Black.ttf"; path = "../assets/fonts/NotoSansKR-Black.ttf"; sourceTree = "<group>"; };
		2682CE8DAAB7434F928362CD /* NotoSansKR-SemiBold.ttf */ = {isa = PBXFileReference; explicitFileType = undefined; fileEncoding = undefined; includeInIndex = 0; lastKnownFileType = unknown; name = "NotoSansKR-SemiBold.ttf"; path = "../assets/fonts/NotoSansKR-SemiBold.ttf"; sourceTree = "<group>"; };
		2F5D7A261C924E2A9EB72319 /* PermanentMarker-Regular.ttf */ = {isa = PBXFileReference; explicitFileType = undefined; fileEncoding = undefined; includeInIndex = 0; lastKnownFileType = unknown; name = "PermanentMarker-Regular.ttf"; path = "../assets/fonts/PermanentMarker-Regular.ttf"; sourceTree = "<group>"; };
		3B4392A12AC88292D35C810B /* Pods-scheduler.debug.xcconfig */ = {isa = PBXFileReference; includeInIndex = 1; lastKnownFileType = text.xcconfig; name = "Pods-scheduler.debug.xcconfig"; path = "Target Support Files/Pods-scheduler/Pods-scheduler.debug.xcconfig"; sourceTree = "<group>"; };
		54C48EB1F93D45128B5AA375 /* NotoSansKR-ExtraBold.ttf */ = {isa = PBXFileReference; explicitFileType = undefined; fileEncoding = undefined; includeInIndex = 0; lastKnownFileType = unknown; name = "NotoSansKR-ExtraBold.ttf"; path = "../assets/fonts/NotoSansKR-ExtraBold.ttf"; sourceTree = "<group>"; };
		5709B34CF0A7D63546082F79 /* Pods-scheduler.release.xcconfig */ = {isa = PBXFileReference; includeInIndex = 1; lastKnownFileType = text.xcconfig; name = "Pods-scheduler.release.xcconfig"; path = "Target Support Files/Pods-scheduler/Pods-scheduler.release.xcconfig"; sourceTree = "<group>"; };
		5B7EB9410499542E8C5724F5 /* Pods-scheduler-schedulerTests.debug.xcconfig */ = {isa = PBXFileReference; includeInIndex = 1; lastKnownFileType = text.xcconfig; name = "Pods-scheduler-schedulerTests.debug.xcconfig"; path = "Target Support Files/Pods-scheduler-schedulerTests/Pods-scheduler-schedulerTests.debug.xcconfig"; sourceTree = "<group>"; };
		5DCACB8F33CDC322A6C60F78 /* libPods-scheduler.a */ = {isa = PBXFileReference; explicitFileType = archive.ar; includeInIndex = 0; path = "libPods-scheduler.a"; sourceTree = BUILT_PRODUCTS_DIR; };
		7C1506209B7449F6AF011ADE /* NotoSansKR-ExtraLight.ttf */ = {isa = PBXFileReference; explicitFileType = undefined; fileEncoding = undefined; includeInIndex = 0; lastKnownFileType = unknown; name = "NotoSansKR-ExtraLight.ttf"; path = "../assets/fonts/NotoSansKR-ExtraLight.ttf"; sourceTree = "<group>"; };
		806ACE605C064BD48FFBD516 /* NotoSansKR-Medium.ttf */ = {isa = PBXFileReference; explicitFileType = undefined; fileEncoding = undefined; includeInIndex = 0; lastKnownFileType = unknown; name = "NotoSansKR-Medium.ttf"; path = "../assets/fonts/NotoSansKR-Medium.ttf"; sourceTree = "<group>"; };
		81AB9BB72411601600AC10FF /* LaunchScreen.storyboard */ = {isa = PBXFileReference; fileEncoding = 4; lastKnownFileType = file.storyboard; name = LaunchScreen.storyboard; path = scheduler/LaunchScreen.storyboard; sourceTree = "<group>"; };
		89C6BE57DB24E9ADA2F236DE /* Pods-scheduler-schedulerTests.release.xcconfig */ = {isa = PBXFileReference; includeInIndex = 1; lastKnownFileType = text.xcconfig; name = "Pods-scheduler-schedulerTests.release.xcconfig"; path = "Target Support Files/Pods-scheduler-schedulerTests/Pods-scheduler-schedulerTests.release.xcconfig"; sourceTree = "<group>"; };
		D65C6D632B25C54000803D14 /* Feather.d.ts */ = {isa = PBXFileReference; lastKnownFileType = sourcecode.typescript; name = Feather.d.ts; path = "../../node_modules/@types/react-native-vector-icons/Feather.d.ts"; sourceTree = "<group>"; };
		D65C6D642B25C54000803D14 /* FontAwesome.d.ts */ = {isa = PBXFileReference; lastKnownFileType = sourcecode.typescript; name = FontAwesome.d.ts; path = "../../node_modules/@types/react-native-vector-icons/FontAwesome.d.ts"; sourceTree = "<group>"; };
		D65C6D652B25C54000803D14 /* SimpleLineIcons.d.ts */ = {isa = PBXFileReference; lastKnownFileType = sourcecode.typescript; name = SimpleLineIcons.d.ts; path = "../../node_modules/@types/react-native-vector-icons/SimpleLineIcons.d.ts"; sourceTree = "<group>"; };
		D65C6D662B25C54000803D14 /* FontAwesome6.d.ts */ = {isa = PBXFileReference; lastKnownFileType = sourcecode.typescript; name = FontAwesome6.d.ts; path = "../../node_modules/@types/react-native-vector-icons/FontAwesome6.d.ts"; sourceTree = "<group>"; };
		D65C6D672B25C54000803D14 /* index.d.ts */ = {isa = PBXFileReference; lastKnownFileType = sourcecode.typescript; name = index.d.ts; path = "../../node_modules/@types/react-native-vector-icons/index.d.ts"; sourceTree = "<group>"; };
		D65C6D682B25C54000803D14 /* AntDesign.d.ts */ = {isa = PBXFileReference; lastKnownFileType = sourcecode.typescript; name = AntDesign.d.ts; path = "../../node_modules/@types/react-native-vector-icons/AntDesign.d.ts"; sourceTree = "<group>"; };
		D65C6D692B25C54000803D14 /* Foundation.d.ts */ = {isa = PBXFileReference; lastKnownFileType = sourcecode.typescript; name = Foundation.d.ts; path = "../../node_modules/@types/react-native-vector-icons/Foundation.d.ts"; sourceTree = "<group>"; };
		D65C6D6A2B25C54000803D14 /* Zocial.d.ts */ = {isa = PBXFileReference; lastKnownFileType = sourcecode.typescript; name = Zocial.d.ts; path = "../../node_modules/@types/react-native-vector-icons/Zocial.d.ts"; sourceTree = "<group>"; };
		D65C6D6B2B25C54000803D14 /* FontAwesome6Pro.d.ts */ = {isa = PBXFileReference; lastKnownFileType = sourcecode.typescript; name = FontAwesome6Pro.d.ts; path = "../../node_modules/@types/react-native-vector-icons/FontAwesome6Pro.d.ts"; sourceTree = "<group>"; };
		D65C6D6C2B25C54000803D14 /* Octicons.d.ts */ = {isa = PBXFileReference; lastKnownFileType = sourcecode.typescript; name = Octicons.d.ts; path = "../../node_modules/@types/react-native-vector-icons/Octicons.d.ts"; sourceTree = "<group>"; };
		D65C6D6D2B25C54000803D14 /* Icon.d.ts */ = {isa = PBXFileReference; lastKnownFileType = sourcecode.typescript; name = Icon.d.ts; path = "../../node_modules/@types/react-native-vector-icons/Icon.d.ts"; sourceTree = "<group>"; };
		D65C6D6E2B25C54000803D14 /* FontAwesome5Pro.d.ts */ = {isa = PBXFileReference; lastKnownFileType = sourcecode.typescript; name = FontAwesome5Pro.d.ts; path = "../../node_modules/@types/react-native-vector-icons/FontAwesome5Pro.d.ts"; sourceTree = "<group>"; };
		D65C6D6F2B25C54000803D14 /* Ionicons.d.ts */ = {isa = PBXFileReference; lastKnownFileType = sourcecode.typescript; name = Ionicons.d.ts; path = "../../node_modules/@types/react-native-vector-icons/Ionicons.d.ts"; sourceTree = "<group>"; };
		D65C6D702B25C54000803D14 /* EvilIcons.d.ts */ = {isa = PBXFileReference; lastKnownFileType = sourcecode.typescript; name = EvilIcons.d.ts; path = "../../node_modules/@types/react-native-vector-icons/EvilIcons.d.ts"; sourceTree = "<group>"; };
		D65C6D712B25C54000803D14 /* MaterialCommunityIcons.d.ts */ = {isa = PBXFileReference; lastKnownFileType = sourcecode.typescript; name = MaterialCommunityIcons.d.ts; path = "../../node_modules/@types/react-native-vector-icons/MaterialCommunityIcons.d.ts"; sourceTree = "<group>"; };
		D65C6D722B25C54000803D14 /* Entypo.d.ts */ = {isa = PBXFileReference; lastKnownFileType = sourcecode.typescript; name = Entypo.d.ts; path = "../../node_modules/@types/react-native-vector-icons/Entypo.d.ts"; sourceTree = "<group>"; };
		D65C6D732B25C54000803D14 /* FontAwesome5.d.ts */ = {isa = PBXFileReference; lastKnownFileType = sourcecode.typescript; name = FontAwesome5.d.ts; path = "../../node_modules/@types/react-native-vector-icons/FontAwesome5.d.ts"; sourceTree = "<group>"; };
		D65C6D742B25C54000803D14 /* Fontisto.d.ts */ = {isa = PBXFileReference; lastKnownFileType = sourcecode.typescript; name = Fontisto.d.ts; path = "../../node_modules/@types/react-native-vector-icons/Fontisto.d.ts"; sourceTree = "<group>"; };
		D65C6D752B25C54000803D14 /* MaterialIcons.d.ts */ = {isa = PBXFileReference; lastKnownFileType = sourcecode.typescript; name = MaterialIcons.d.ts; path = "../../node_modules/@types/react-native-vector-icons/MaterialIcons.d.ts"; sourceTree = "<group>"; };
		D6B7347A2B25E5BC00E997AF /* NotoSansKR-ExtraBold.ttf */ = {isa = PBXFileReference; lastKnownFileType = file; path = "NotoSansKR-ExtraBold.ttf"; sourceTree = "<group>"; };
		D6B7347B2B25E5BC00E997AF /* NotoSansKR-Thin.ttf */ = {isa = PBXFileReference; lastKnownFileType = file; path = "NotoSansKR-Thin.ttf"; sourceTree = "<group>"; };
		D6B7347C2B25E5BC00E997AF /* NotoSansKR-Medium.ttf */ = {isa = PBXFileReference; lastKnownFileType = file; path = "NotoSansKR-Medium.ttf"; sourceTree = "<group>"; };
		D6B7347D2B25E5BC00E997AF /* NotoSansKR-Light.ttf */ = {isa = PBXFileReference; lastKnownFileType = file; path = "NotoSansKR-Light.ttf"; sourceTree = "<group>"; };
		D6B7347E2B25E5BC00E997AF /* NotoSansKR-Regular.ttf */ = {isa = PBXFileReference; lastKnownFileType = file; path = "NotoSansKR-Regular.ttf"; sourceTree = "<group>"; };
		D6B7347F2B25E5BC00E997AF /* NotoSansKR-SemiBold.ttf */ = {isa = PBXFileReference; lastKnownFileType = file; path = "NotoSansKR-SemiBold.ttf"; sourceTree = "<group>"; };
		D6B734802B25E5BC00E997AF /* NotoSansKR-Black.ttf */ = {isa = PBXFileReference; lastKnownFileType = file; path = "NotoSansKR-Black.ttf"; sourceTree = "<group>"; };
		D6B734812B25E5BC00E997AF /* NotoSansKR-Bold.ttf */ = {isa = PBXFileReference; lastKnownFileType = file; path = "NotoSansKR-Bold.ttf"; sourceTree = "<group>"; };
		D6B734822B25E5BC00E997AF /* NotoSansKR-ExtraLight.ttf */ = {isa = PBXFileReference; lastKnownFileType = file; path = "NotoSansKR-ExtraLight.ttf"; sourceTree = "<group>"; };
		DBC347FE6D074A3893497892 /* NotoSansKR-Thin.ttf */ = {isa = PBXFileReference; explicitFileType = undefined; fileEncoding = undefined; includeInIndex = 0; lastKnownFileType = unknown; name = "NotoSansKR-Thin.ttf"; path = "../assets/fonts/NotoSansKR-Thin.ttf"; sourceTree = "<group>"; };
		E220C801B8A84431A5EEC97C /* NotoSansKR-Bold.ttf */ = {isa = PBXFileReference; explicitFileType = undefined; fileEncoding = undefined; includeInIndex = 0; lastKnownFileType = unknown; name = "NotoSansKR-Bold.ttf"; path = "../assets/fonts/NotoSansKR-Bold.ttf"; sourceTree = "<group>"; };
		ED297162215061F000B7C4FE /* JavaScriptCore.framework */ = {isa = PBXFileReference; lastKnownFileType = wrapper.framework; name = JavaScriptCore.framework; path = System/Library/Frameworks/JavaScriptCore.framework; sourceTree = SDKROOT; };
		FAD85D48847641CB8AB6AE67 /* NotoSansKR-Light.ttf */ = {isa = PBXFileReference; explicitFileType = undefined; fileEncoding = undefined; includeInIndex = 0; lastKnownFileType = unknown; name = "NotoSansKR-Light.ttf"; path = "../assets/fonts/NotoSansKR-Light.ttf"; sourceTree = "<group>"; };
/* End PBXFileReference section */

/* Begin PBXFrameworksBuildPhase section */
		00E356EB1AD99517003FC87E /* Frameworks */ = {
			isa = PBXFrameworksBuildPhase;
			buildActionMask = 2147483647;
			files = (
				7699B88040F8A987B510C191 /* libPods-scheduler-schedulerTests.a in Frameworks */,
			);
			runOnlyForDeploymentPostprocessing = 0;
		};
		13B07F8C1A680F5B00A75B9A /* Frameworks */ = {
			isa = PBXFrameworksBuildPhase;
			buildActionMask = 2147483647;
			files = (
				0C80B921A6F3F58F76C31292 /* libPods-scheduler.a in Frameworks */,
			);
			runOnlyForDeploymentPostprocessing = 0;
		};
/* End PBXFrameworksBuildPhase section */

/* Begin PBXGroup section */
		00E356EF1AD99517003FC87E /* schedulerTests */ = {
			isa = PBXGroup;
			children = (
				00E356F21AD99517003FC87E /* schedulerTests.m */,
				00E356F01AD99517003FC87E /* Supporting Files */,
			);
			path = schedulerTests;
			sourceTree = "<group>";
		};
		00E356F01AD99517003FC87E /* Supporting Files */ = {
			isa = PBXGroup;
			children = (
				00E356F11AD99517003FC87E /* Info.plist */,
			);
			name = "Supporting Files";
			sourceTree = "<group>";
		};
		13B07FAE1A68108700A75B9A /* scheduler */ = {
			isa = PBXGroup;
			children = (
				13B07FAF1A68108700A75B9A /* AppDelegate.h */,
				13B07FB01A68108700A75B9A /* AppDelegate.mm */,
				13B07FB51A68108700A75B9A /* Images.xcassets */,
				13B07FB61A68108700A75B9A /* Info.plist */,
				81AB9BB72411601600AC10FF /* LaunchScreen.storyboard */,
				13B07FB71A68108700A75B9A /* main.m */,
			);
			name = scheduler;
			sourceTree = "<group>";
		};
		23DC39B1DE1F40CBAD97FA0D /* Resources */ = {
			isa = PBXGroup;
			children = (
				258FD1377F9040FB8661C4E4 /* NotoSansKR-Black.ttf */,
				E220C801B8A84431A5EEC97C /* NotoSansKR-Bold.ttf */,
				54C48EB1F93D45128B5AA375 /* NotoSansKR-ExtraBold.ttf */,
				7C1506209B7449F6AF011ADE /* NotoSansKR-ExtraLight.ttf */,
				FAD85D48847641CB8AB6AE67 /* NotoSansKR-Light.ttf */,
				806ACE605C064BD48FFBD516 /* NotoSansKR-Medium.ttf */,
				22A70592456544C7A097343A /* NotoSansKR-Regular.ttf */,
				2682CE8DAAB7434F928362CD /* NotoSansKR-SemiBold.ttf */,
				DBC347FE6D074A3893497892 /* NotoSansKR-Thin.ttf */,
				2F5D7A261C924E2A9EB72319 /* PermanentMarker-Regular.ttf */,
			);
			name = Resources;
			path = "";
			sourceTree = "<group>";
		};
		2D16E6871FA4F8E400B85C8A /* Frameworks */ = {
			isa = PBXGroup;
			children = (
				ED297162215061F000B7C4FE /* JavaScriptCore.framework */,
				5DCACB8F33CDC322A6C60F78 /* libPods-scheduler.a */,
				19F6CBCC0A4E27FBF8BF4A61 /* libPods-scheduler-schedulerTests.a */,
			);
			name = Frameworks;
			sourceTree = "<group>";
		};
		832341AE1AAA6A7D00B99B32 /* Libraries */ = {
			isa = PBXGroup;
			children = (
			);
			name = Libraries;
			sourceTree = "<group>";
		};
		83CBB9F61A601CBA00E9B192 = {
			isa = PBXGroup;
			children = (
				D65C6D622B25C41100803D14 /* Fonts */,
				13B07FAE1A68108700A75B9A /* scheduler */,
				832341AE1AAA6A7D00B99B32 /* Libraries */,
				00E356EF1AD99517003FC87E /* schedulerTests */,
				83CBBA001A601CBA00E9B192 /* Products */,
				2D16E6871FA4F8E400B85C8A /* Frameworks */,
				BBD78D7AC51CEA395F1C20DB /* Pods */,
				23DC39B1DE1F40CBAD97FA0D /* Resources */,
			);
			indentWidth = 2;
			sourceTree = "<group>";
			tabWidth = 2;
			usesTabs = 0;
		};
		83CBBA001A601CBA00E9B192 /* Products */ = {
			isa = PBXGroup;
			children = (
				13B07F961A680F5B00A75B9A /* scheduler.app */,
				00E356EE1AD99517003FC87E /* schedulerTests.xctest */,
			);
			name = Products;
			sourceTree = "<group>";
		};
		BBD78D7AC51CEA395F1C20DB /* Pods */ = {
			isa = PBXGroup;
			children = (
				3B4392A12AC88292D35C810B /* Pods-scheduler.debug.xcconfig */,
				5709B34CF0A7D63546082F79 /* Pods-scheduler.release.xcconfig */,
				5B7EB9410499542E8C5724F5 /* Pods-scheduler-schedulerTests.debug.xcconfig */,
				89C6BE57DB24E9ADA2F236DE /* Pods-scheduler-schedulerTests.release.xcconfig */,
			);
			path = Pods;
			sourceTree = "<group>";
		};
		D65C6D622B25C41100803D14 /* Fonts */ = {
			isa = PBXGroup;
			children = (
				D6B734802B25E5BC00E997AF /* NotoSansKR-Black.ttf */,
				D6B734812B25E5BC00E997AF /* NotoSansKR-Bold.ttf */,
				D6B7347A2B25E5BC00E997AF /* NotoSansKR-ExtraBold.ttf */,
				D6B734822B25E5BC00E997AF /* NotoSansKR-ExtraLight.ttf */,
				D6B7347D2B25E5BC00E997AF /* NotoSansKR-Light.ttf */,
				D6B7347C2B25E5BC00E997AF /* NotoSansKR-Medium.ttf */,
				D6B7347E2B25E5BC00E997AF /* NotoSansKR-Regular.ttf */,
				D6B7347F2B25E5BC00E997AF /* NotoSansKR-SemiBold.ttf */,
				D6B7347B2B25E5BC00E997AF /* NotoSansKR-Thin.ttf */,
				D65C6D682B25C54000803D14 /* AntDesign.d.ts */,
				D65C6D722B25C54000803D14 /* Entypo.d.ts */,
				D65C6D702B25C54000803D14 /* EvilIcons.d.ts */,
				D65C6D632B25C54000803D14 /* Feather.d.ts */,
				D65C6D642B25C54000803D14 /* FontAwesome.d.ts */,
				D65C6D732B25C54000803D14 /* FontAwesome5.d.ts */,
				D65C6D6E2B25C54000803D14 /* FontAwesome5Pro.d.ts */,
				D65C6D662B25C54000803D14 /* FontAwesome6.d.ts */,
				D65C6D6B2B25C54000803D14 /* FontAwesome6Pro.d.ts */,
				D65C6D742B25C54000803D14 /* Fontisto.d.ts */,
				D65C6D692B25C54000803D14 /* Foundation.d.ts */,
				D65C6D6D2B25C54000803D14 /* Icon.d.ts */,
				D65C6D672B25C54000803D14 /* index.d.ts */,
				D65C6D6F2B25C54000803D14 /* Ionicons.d.ts */,
				D65C6D712B25C54000803D14 /* MaterialCommunityIcons.d.ts */,
				D65C6D752B25C54000803D14 /* MaterialIcons.d.ts */,
				D65C6D6C2B25C54000803D14 /* Octicons.d.ts */,
				D65C6D652B25C54000803D14 /* SimpleLineIcons.d.ts */,
				D65C6D6A2B25C54000803D14 /* Zocial.d.ts */,
			);
			path = Fonts;
			sourceTree = "<group>";
		};
/* End PBXGroup section */

/* Begin PBXNativeTarget section */
		00E356ED1AD99517003FC87E /* schedulerTests */ = {
			isa = PBXNativeTarget;
			buildConfigurationList = 00E357021AD99517003FC87E /* Build configuration list for PBXNativeTarget "schedulerTests" */;
			buildPhases = (
				A55EABD7B0C7F3A422A6CC61 /* [CP] Check Pods Manifest.lock */,
				00E356EA1AD99517003FC87E /* Sources */,
				00E356EB1AD99517003FC87E /* Frameworks */,
				00E356EC1AD99517003FC87E /* Resources */,
				C59DA0FBD6956966B86A3779 /* [CP] Embed Pods Frameworks */,
				F6A41C54EA430FDDC6A6ED99 /* [CP] Copy Pods Resources */,
			);
			buildRules = (
			);
			dependencies = (
				00E356F51AD99517003FC87E /* PBXTargetDependency */,
			);
			name = schedulerTests;
			productName = schedulerTests;
			productReference = 00E356EE1AD99517003FC87E /* schedulerTests.xctest */;
			productType = "com.apple.product-type.bundle.unit-test";
		};
		13B07F861A680F5B00A75B9A /* scheduler */ = {
			isa = PBXNativeTarget;
			buildConfigurationList = 13B07F931A680F5B00A75B9A /* Build configuration list for PBXNativeTarget "scheduler" */;
			buildPhases = (
				C38B50BA6285516D6DCD4F65 /* [CP] Check Pods Manifest.lock */,
				13B07F871A680F5B00A75B9A /* Sources */,
				13B07F8C1A680F5B00A75B9A /* Frameworks */,
				13B07F8E1A680F5B00A75B9A /* Resources */,
				00DD1BFF1BD5951E006B06BC /* Bundle React Native code and images */,
				00EEFC60759A1932668264C0 /* [CP] Embed Pods Frameworks */,
				E235C05ADACE081382539298 /* [CP] Copy Pods Resources */,
			);
			buildRules = (
			);
			dependencies = (
			);
			name = scheduler;
			productName = scheduler;
			productReference = 13B07F961A680F5B00A75B9A /* scheduler.app */;
			productType = "com.apple.product-type.application";
		};
/* End PBXNativeTarget section */

/* Begin PBXProject section */
		83CBB9F71A601CBA00E9B192 /* Project object */ = {
			isa = PBXProject;
			attributes = {
				LastUpgradeCheck = 1210;
				TargetAttributes = {
					00E356ED1AD99517003FC87E = {
						CreatedOnToolsVersion = 6.2;
						TestTargetID = 13B07F861A680F5B00A75B9A;
					};
					13B07F861A680F5B00A75B9A = {
						LastSwiftMigration = 1120;
					};
				};
			};
			buildConfigurationList = 83CBB9FA1A601CBA00E9B192 /* Build configuration list for PBXProject "scheduler" */;
			compatibilityVersion = "Xcode 12.0";
			developmentRegion = en;
			hasScannedForEncodings = 0;
			knownRegions = (
				en,
				Base,
			);
			mainGroup = 83CBB9F61A601CBA00E9B192;
			productRefGroup = 83CBBA001A601CBA00E9B192 /* Products */;
			projectDirPath = "";
			projectRoot = "";
			targets = (
				13B07F861A680F5B00A75B9A /* scheduler */,
				00E356ED1AD99517003FC87E /* schedulerTests */,
			);
		};
/* End PBXProject section */

/* Begin PBXResourcesBuildPhase section */
		00E356EC1AD99517003FC87E /* Resources */ = {
			isa = PBXResourcesBuildPhase;
			buildActionMask = 2147483647;
			files = (
			);
			runOnlyForDeploymentPostprocessing = 0;
		};
		13B07F8E1A680F5B00A75B9A /* Resources */ = {
			isa = PBXResourcesBuildPhase;
			buildActionMask = 2147483647;
			files = (
				81AB9BB82411601600AC10FF /* LaunchScreen.storyboard in Resources */,
				13B07FBF1A68108700A75B9A /* Images.xcassets in Resources */,
				774D0D8650044BEA883D392C /* NotoSansKR-Black.ttf in Resources */,
				20D06A8B341C47C6BC2A4C3F /* NotoSansKR-Bold.ttf in Resources */,
				BEDD4DD56D494F2BA63D9B3B /* NotoSansKR-ExtraBold.ttf in Resources */,
				EAE02741A21D42D5A6825935 /* NotoSansKR-ExtraLight.ttf in Resources */,
				BC466F3BD04C4F5FB60C397E /* NotoSansKR-Light.ttf in Resources */,
				62F9635A95194B75AF1D4B66 /* NotoSansKR-Medium.ttf in Resources */,
				D9561D39174F4F77B17C0F66 /* NotoSansKR-Regular.ttf in Resources */,
				280C84131F5443EE8F0E2BC9 /* NotoSansKR-SemiBold.ttf in Resources */,
				E71B683560C748D494B66849 /* NotoSansKR-Thin.ttf in Resources */,
				92B1D22EAA9F4FA7BF63D0B6 /* PermanentMarker-Regular.ttf in Resources */,
			);
			runOnlyForDeploymentPostprocessing = 0;
		};
/* End PBXResourcesBuildPhase section */

/* Begin PBXShellScriptBuildPhase section */
		00DD1BFF1BD5951E006B06BC /* Bundle React Native code and images */ = {
			isa = PBXShellScriptBuildPhase;
			buildActionMask = 2147483647;
			files = (
			);
			inputPaths = (
				"$(SRCROOT)/.xcode.env.local",
				"$(SRCROOT)/.xcode.env",
			);
			name = "Bundle React Native code and images";
			outputPaths = (
			);
			runOnlyForDeploymentPostprocessing = 0;
			shellPath = /bin/sh;
			shellScript = "set -e\n\nWITH_ENVIRONMENT=\"../node_modules/react-native/scripts/xcode/with-environment.sh\"\nREACT_NATIVE_XCODE=\"../node_modules/react-native/scripts/react-native-xcode.sh\"\n\n/bin/sh -c \"$WITH_ENVIRONMENT $REACT_NATIVE_XCODE\"\n";
		};
		00EEFC60759A1932668264C0 /* [CP] Embed Pods Frameworks */ = {
			isa = PBXShellScriptBuildPhase;
			buildActionMask = 2147483647;
			files = (
			);
			inputFileListPaths = (
				"${PODS_ROOT}/Target Support Files/Pods-scheduler/Pods-scheduler-frameworks-${CONFIGURATION}-input-files.xcfilelist",
			);
			name = "[CP] Embed Pods Frameworks";
			outputFileListPaths = (
				"${PODS_ROOT}/Target Support Files/Pods-scheduler/Pods-scheduler-frameworks-${CONFIGURATION}-output-files.xcfilelist",
			);
			runOnlyForDeploymentPostprocessing = 0;
			shellPath = /bin/sh;
			shellScript = "\"${PODS_ROOT}/Target Support Files/Pods-scheduler/Pods-scheduler-frameworks.sh\"\n";
			showEnvVarsInLog = 0;
		};
		A55EABD7B0C7F3A422A6CC61 /* [CP] Check Pods Manifest.lock */ = {
			isa = PBXShellScriptBuildPhase;
			buildActionMask = 2147483647;
			files = (
			);
			inputFileListPaths = (
			);
			inputPaths = (
				"${PODS_PODFILE_DIR_PATH}/Podfile.lock",
				"${PODS_ROOT}/Manifest.lock",
			);
			name = "[CP] Check Pods Manifest.lock";
			outputFileListPaths = (
			);
			outputPaths = (
				"$(DERIVED_FILE_DIR)/Pods-scheduler-schedulerTests-checkManifestLockResult.txt",
			);
			runOnlyForDeploymentPostprocessing = 0;
			shellPath = /bin/sh;
			shellScript = "diff \"${PODS_PODFILE_DIR_PATH}/Podfile.lock\" \"${PODS_ROOT}/Manifest.lock\" > /dev/null\nif [ $? != 0 ] ; then\n    # print error to STDERR\n    echo \"error: The sandbox is not in sync with the Podfile.lock. Run 'pod install' or update your CocoaPods installation.\" >&2\n    exit 1\nfi\n# This output is used by Xcode 'outputs' to avoid re-running this script phase.\necho \"SUCCESS\" > \"${SCRIPT_OUTPUT_FILE_0}\"\n";
			showEnvVarsInLog = 0;
		};
		C38B50BA6285516D6DCD4F65 /* [CP] Check Pods Manifest.lock */ = {
			isa = PBXShellScriptBuildPhase;
			buildActionMask = 2147483647;
			files = (
			);
			inputFileListPaths = (
			);
			inputPaths = (
				"${PODS_PODFILE_DIR_PATH}/Podfile.lock",
				"${PODS_ROOT}/Manifest.lock",
			);
			name = "[CP] Check Pods Manifest.lock";
			outputFileListPaths = (
			);
			outputPaths = (
				"$(DERIVED_FILE_DIR)/Pods-scheduler-checkManifestLockResult.txt",
			);
			runOnlyForDeploymentPostprocessing = 0;
			shellPath = /bin/sh;
			shellScript = "diff \"${PODS_PODFILE_DIR_PATH}/Podfile.lock\" \"${PODS_ROOT}/Manifest.lock\" > /dev/null\nif [ $? != 0 ] ; then\n    # print error to STDERR\n    echo \"error: The sandbox is not in sync with the Podfile.lock. Run 'pod install' or update your CocoaPods installation.\" >&2\n    exit 1\nfi\n# This output is used by Xcode 'outputs' to avoid re-running this script phase.\necho \"SUCCESS\" > \"${SCRIPT_OUTPUT_FILE_0}\"\n";
			showEnvVarsInLog = 0;
		};
		C59DA0FBD6956966B86A3779 /* [CP] Embed Pods Frameworks */ = {
			isa = PBXShellScriptBuildPhase;
			buildActionMask = 2147483647;
			files = (
			);
			inputFileListPaths = (
				"${PODS_ROOT}/Target Support Files/Pods-scheduler-schedulerTests/Pods-scheduler-schedulerTests-frameworks-${CONFIGURATION}-input-files.xcfilelist",
			);
			name = "[CP] Embed Pods Frameworks";
			outputFileListPaths = (
				"${PODS_ROOT}/Target Support Files/Pods-scheduler-schedulerTests/Pods-scheduler-schedulerTests-frameworks-${CONFIGURATION}-output-files.xcfilelist",
			);
			runOnlyForDeploymentPostprocessing = 0;
			shellPath = /bin/sh;
			shellScript = "\"${PODS_ROOT}/Target Support Files/Pods-scheduler-schedulerTests/Pods-scheduler-schedulerTests-frameworks.sh\"\n";
			showEnvVarsInLog = 0;
		};
		E235C05ADACE081382539298 /* [CP] Copy Pods Resources */ = {
			isa = PBXShellScriptBuildPhase;
			buildActionMask = 2147483647;
			files = (
			);
			inputFileListPaths = (
				"${PODS_ROOT}/Target Support Files/Pods-scheduler/Pods-scheduler-resources-${CONFIGURATION}-input-files.xcfilelist",
			);
			name = "[CP] Copy Pods Resources";
			outputFileListPaths = (
				"${PODS_ROOT}/Target Support Files/Pods-scheduler/Pods-scheduler-resources-${CONFIGURATION}-output-files.xcfilelist",
			);
			runOnlyForDeploymentPostprocessing = 0;
			shellPath = /bin/sh;
			shellScript = "\"${PODS_ROOT}/Target Support Files/Pods-scheduler/Pods-scheduler-resources.sh\"\n";
			showEnvVarsInLog = 0;
		};
		F6A41C54EA430FDDC6A6ED99 /* [CP] Copy Pods Resources */ = {
			isa = PBXShellScriptBuildPhase;
			buildActionMask = 2147483647;
			files = (
			);
			inputFileListPaths = (
				"${PODS_ROOT}/Target Support Files/Pods-scheduler-schedulerTests/Pods-scheduler-schedulerTests-resources-${CONFIGURATION}-input-files.xcfilelist",
			);
			name = "[CP] Copy Pods Resources";
			outputFileListPaths = (
				"${PODS_ROOT}/Target Support Files/Pods-scheduler-schedulerTests/Pods-scheduler-schedulerTests-resources-${CONFIGURATION}-output-files.xcfilelist",
			);
			runOnlyForDeploymentPostprocessing = 0;
			shellPath = /bin/sh;
			shellScript = "\"${PODS_ROOT}/Target Support Files/Pods-scheduler-schedulerTests/Pods-scheduler-schedulerTests-resources.sh\"\n";
			showEnvVarsInLog = 0;
		};
/* End PBXShellScriptBuildPhase section */

/* Begin PBXSourcesBuildPhase section */
		00E356EA1AD99517003FC87E /* Sources */ = {
			isa = PBXSourcesBuildPhase;
			buildActionMask = 2147483647;
			files = (
				00E356F31AD99517003FC87E /* schedulerTests.m in Sources */,
			);
			runOnlyForDeploymentPostprocessing = 0;
		};
		13B07F871A680F5B00A75B9A /* Sources */ = {
			isa = PBXSourcesBuildPhase;
			buildActionMask = 2147483647;
			files = (
				13B07FBC1A68108700A75B9A /* AppDelegate.mm in Sources */,
				13B07FC11A68108700A75B9A /* main.m in Sources */,
			);
			runOnlyForDeploymentPostprocessing = 0;
		};
/* End PBXSourcesBuildPhase section */

/* Begin PBXTargetDependency section */
		00E356F51AD99517003FC87E /* PBXTargetDependency */ = {
			isa = PBXTargetDependency;
			target = 13B07F861A680F5B00A75B9A /* scheduler */;
			targetProxy = 00E356F41AD99517003FC87E /* PBXContainerItemProxy */;
		};
/* End PBXTargetDependency section */

/* Begin XCBuildConfiguration section */
		00E356F61AD99517003FC87E /* Debug */ = {
			isa = XCBuildConfiguration;
			baseConfigurationReference = 5B7EB9410499542E8C5724F5 /* Pods-scheduler-schedulerTests.debug.xcconfig */;
			buildSettings = {
				BUNDLE_LOADER = "$(TEST_HOST)";
				GCC_PREPROCESSOR_DEFINITIONS = (
					"DEBUG=1",
					"$(inherited)",
				);
				INFOPLIST_FILE = schedulerTests/Info.plist;
				IPHONEOS_DEPLOYMENT_TARGET = 13.4;
				LD_RUNPATH_SEARCH_PATHS = (
					"$(inherited)",
					"@executable_path/Frameworks",
					"@loader_path/Frameworks",
				);
				OTHER_LDFLAGS = (
					"-ObjC",
					"-lc++",
					"$(inherited)",
				);
				PRODUCT_BUNDLE_IDENTIFIER = "org.reactjs.native.example.$(PRODUCT_NAME:rfc1034identifier)";
				PRODUCT_NAME = "$(TARGET_NAME)";
				TEST_HOST = "$(BUILT_PRODUCTS_DIR)/scheduler.app/scheduler";
			};
			name = Debug;
		};
		00E356F71AD99517003FC87E /* Release */ = {
			isa = XCBuildConfiguration;
			baseConfigurationReference = 89C6BE57DB24E9ADA2F236DE /* Pods-scheduler-schedulerTests.release.xcconfig */;
			buildSettings = {
				BUNDLE_LOADER = "$(TEST_HOST)";
				COPY_PHASE_STRIP = NO;
				INFOPLIST_FILE = schedulerTests/Info.plist;
				IPHONEOS_DEPLOYMENT_TARGET = 13.4;
				LD_RUNPATH_SEARCH_PATHS = (
					"$(inherited)",
					"@executable_path/Frameworks",
					"@loader_path/Frameworks",
				);
				OTHER_LDFLAGS = (
					"-ObjC",
					"-lc++",
					"$(inherited)",
				);
				PRODUCT_BUNDLE_IDENTIFIER = "org.reactjs.native.example.$(PRODUCT_NAME:rfc1034identifier)";
				PRODUCT_NAME = "$(TARGET_NAME)";
				TEST_HOST = "$(BUILT_PRODUCTS_DIR)/scheduler.app/scheduler";
			};
			name = Release;
		};
		13B07F941A680F5B00A75B9A /* Debug */ = {
			isa = XCBuildConfiguration;
			baseConfigurationReference = 3B4392A12AC88292D35C810B /* Pods-scheduler.debug.xcconfig */;
			buildSettings = {
				ASSETCATALOG_COMPILER_APPICON_NAME = AppIcon;
				CLANG_ENABLE_MODULES = YES;
				CURRENT_PROJECT_VERSION = 1;
				ENABLE_BITCODE = NO;
				INFOPLIST_FILE = scheduler/Info.plist;
				LD_RUNPATH_SEARCH_PATHS = (
					"$(inherited)",
					"@executable_path/Frameworks",
				);
				MARKETING_VERSION = 1.0;
				OTHER_LDFLAGS = (
					"$(inherited)",
					"-ObjC",
					"-lc++",
				);
				PRODUCT_BUNDLE_IDENTIFIER = "org.reactjs.native.example.$(PRODUCT_NAME:rfc1034identifier)";
				PRODUCT_NAME = scheduler;
				SWIFT_OPTIMIZATION_LEVEL = "-Onone";
				SWIFT_VERSION = 5.0;
				VERSIONING_SYSTEM = "apple-generic";
			};
			name = Debug;
		};
		13B07F951A680F5B00A75B9A /* Release */ = {
			isa = XCBuildConfiguration;
			baseConfigurationReference = 5709B34CF0A7D63546082F79 /* Pods-scheduler.release.xcconfig */;
			buildSettings = {
				ASSETCATALOG_COMPILER_APPICON_NAME = AppIcon;
				CLANG_ENABLE_MODULES = YES;
				CURRENT_PROJECT_VERSION = 1;
				INFOPLIST_FILE = scheduler/Info.plist;
				LD_RUNPATH_SEARCH_PATHS = (
					"$(inherited)",
					"@executable_path/Frameworks",
				);
				MARKETING_VERSION = 1.0;
				OTHER_LDFLAGS = (
					"$(inherited)",
					"-ObjC",
					"-lc++",
				);
				PRODUCT_BUNDLE_IDENTIFIER = "org.reactjs.native.example.$(PRODUCT_NAME:rfc1034identifier)";
				PRODUCT_NAME = scheduler;
				SWIFT_VERSION = 5.0;
				VERSIONING_SYSTEM = "apple-generic";
			};
			name = Release;
		};
		83CBBA201A601CBA00E9B192 /* Debug */ = {
			isa = XCBuildConfiguration;
			buildSettings = {
				ALWAYS_SEARCH_USER_PATHS = NO;
				CLANG_ANALYZER_LOCALIZABILITY_NONLOCALIZED = YES;
				CLANG_CXX_LANGUAGE_STANDARD = "c++20";
				CLANG_CXX_LIBRARY = "libc++";
				CLANG_ENABLE_MODULES = YES;
				CLANG_ENABLE_OBJC_ARC = YES;
				CLANG_WARN_BLOCK_CAPTURE_AUTORELEASING = YES;
				CLANG_WARN_BOOL_CONVERSION = YES;
				CLANG_WARN_COMMA = YES;
				CLANG_WARN_CONSTANT_CONVERSION = YES;
				CLANG_WARN_DEPRECATED_OBJC_IMPLEMENTATIONS = YES;
				CLANG_WARN_DIRECT_OBJC_ISA_USAGE = YES_ERROR;
				CLANG_WARN_EMPTY_BODY = YES;
				CLANG_WARN_ENUM_CONVERSION = YES;
				CLANG_WARN_INFINITE_RECURSION = YES;
				CLANG_WARN_INT_CONVERSION = YES;
				CLANG_WARN_NON_LITERAL_NULL_CONVERSION = YES;
				CLANG_WARN_OBJC_IMPLICIT_RETAIN_SELF = YES;
				CLANG_WARN_OBJC_LITERAL_CONVERSION = YES;
				CLANG_WARN_OBJC_ROOT_CLASS = YES_ERROR;
				CLANG_WARN_QUOTED_INCLUDE_IN_FRAMEWORK_HEADER = YES;
				CLANG_WARN_RANGE_LOOP_ANALYSIS = YES;
				CLANG_WARN_STRICT_PROTOTYPES = YES;
				CLANG_WARN_SUSPICIOUS_MOVE = YES;
				CLANG_WARN_UNREACHABLE_CODE = YES;
				CLANG_WARN__DUPLICATE_METHOD_MATCH = YES;
				"CODE_SIGN_IDENTITY[sdk=iphoneos*]" = "iPhone Developer";
				COPY_PHASE_STRIP = NO;
				ENABLE_STRICT_OBJC_MSGSEND = YES;
				ENABLE_TESTABILITY = YES;
				"EXCLUDED_ARCHS[sdk=iphonesimulator*]" = i386;
				GCC_C_LANGUAGE_STANDARD = gnu99;
				GCC_DYNAMIC_NO_PIC = NO;
				GCC_NO_COMMON_BLOCKS = YES;
				GCC_OPTIMIZATION_LEVEL = 0;
				GCC_PREPROCESSOR_DEFINITIONS = (
					"DEBUG=1",
					"$(inherited)",
				);
				GCC_SYMBOLS_PRIVATE_EXTERN = NO;
				GCC_WARN_64_TO_32_BIT_CONVERSION = YES;
				GCC_WARN_ABOUT_RETURN_TYPE = YES_ERROR;
				GCC_WARN_UNDECLARED_SELECTOR = YES;
				GCC_WARN_UNINITIALIZED_AUTOS = YES_AGGRESSIVE;
				GCC_WARN_UNUSED_FUNCTION = YES;
				GCC_WARN_UNUSED_VARIABLE = YES;
				IPHONEOS_DEPLOYMENT_TARGET = 13.4;
				LD_RUNPATH_SEARCH_PATHS = (
					/usr/lib/swift,
					"$(inherited)",
				);
				LIBRARY_SEARCH_PATHS = (
					"\"$(SDKROOT)/usr/lib/swift\"",
					"\"$(TOOLCHAIN_DIR)/usr/lib/swift/$(PLATFORM_NAME)\"",
					"\"$(inherited)\"",
				);
				MTL_ENABLE_DEBUG_INFO = YES;
				ONLY_ACTIVE_ARCH = YES;
				OTHER_CFLAGS = "$(inherited)";
				OTHER_CPLUSPLUSFLAGS = (
					"$(OTHER_CFLAGS)",
					"-DFOLLY_NO_CONFIG",
					"-DFOLLY_MOBILE=1",
					"-DFOLLY_USE_LIBCPP=1",
					"-DFOLLY_CFG_NO_COROUTINES=1",
				);
				OTHER_LDFLAGS = (
					"$(inherited)",
					"-Wl",
					"-ld_classic",
				);
				REACT_NATIVE_PATH = "${PODS_ROOT}/../../node_modules/react-native";
				SDKROOT = iphoneos;
				USE_HERMES = true;
			};
			name = Debug;
		};
		83CBBA211A601CBA00E9B192 /* Release */ = {
			isa = XCBuildConfiguration;
			buildSettings = {
				ALWAYS_SEARCH_USER_PATHS = NO;
				CLANG_ANALYZER_LOCALIZABILITY_NONLOCALIZED = YES;
				CLANG_CXX_LANGUAGE_STANDARD = "c++20";
				CLANG_CXX_LIBRARY = "libc++";
				CLANG_ENABLE_MODULES = YES;
				CLANG_ENABLE_OBJC_ARC = YES;
				CLANG_WARN_BLOCK_CAPTURE_AUTORELEASING = YES;
				CLANG_WARN_BOOL_CONVERSION = YES;
				CLANG_WARN_COMMA = YES;
				CLANG_WARN_CONSTANT_CONVERSION = YES;
				CLANG_WARN_DEPRECATED_OBJC_IMPLEMENTATIONS = YES;
				CLANG_WARN_DIRECT_OBJC_ISA_USAGE = YES_ERROR;
				CLANG_WARN_EMPTY_BODY = YES;
				CLANG_WARN_ENUM_CONVERSION = YES;
				CLANG_WARN_INFINITE_RECURSION = YES;
				CLANG_WARN_INT_CONVERSION = YES;
				CLANG_WARN_NON_LITERAL_NULL_CONVERSION = YES;
				CLANG_WARN_OBJC_IMPLICIT_RETAIN_SELF = YES;
				CLANG_WARN_OBJC_LITERAL_CONVERSION = YES;
				CLANG_WARN_OBJC_ROOT_CLASS = YES_ERROR;
				CLANG_WARN_QUOTED_INCLUDE_IN_FRAMEWORK_HEADER = YES;
				CLANG_WARN_RANGE_LOOP_ANALYSIS = YES;
				CLANG_WARN_STRICT_PROTOTYPES = YES;
				CLANG_WARN_SUSPICIOUS_MOVE = YES;
				CLANG_WARN_UNREACHABLE_CODE = YES;
				CLANG_WARN__DUPLICATE_METHOD_MATCH = YES;
				"CODE_SIGN_IDENTITY[sdk=iphoneos*]" = "iPhone Developer";
				COPY_PHASE_STRIP = YES;
				ENABLE_NS_ASSERTIONS = NO;
				ENABLE_STRICT_OBJC_MSGSEND = YES;
				"EXCLUDED_ARCHS[sdk=iphonesimulator*]" = i386;
				GCC_C_LANGUAGE_STANDARD = gnu99;
				GCC_NO_COMMON_BLOCKS = YES;
				GCC_WARN_64_TO_32_BIT_CONVERSION = YES;
				GCC_WARN_ABOUT_RETURN_TYPE = YES_ERROR;
				GCC_WARN_UNDECLARED_SELECTOR = YES;
				GCC_WARN_UNINITIALIZED_AUTOS = YES_AGGRESSIVE;
				GCC_WARN_UNUSED_FUNCTION = YES;
				GCC_WARN_UNUSED_VARIABLE = YES;
				IPHONEOS_DEPLOYMENT_TARGET = 13.4;
				LD_RUNPATH_SEARCH_PATHS = (
					/usr/lib/swift,
					"$(inherited)",
				);
				LIBRARY_SEARCH_PATHS = (
					"\"$(SDKROOT)/usr/lib/swift\"",
					"\"$(TOOLCHAIN_DIR)/usr/lib/swift/$(PLATFORM_NAME)\"",
					"\"$(inherited)\"",
				);
				MTL_ENABLE_DEBUG_INFO = NO;
				OTHER_CFLAGS = "$(inherited)";
				OTHER_CPLUSPLUSFLAGS = (
					"$(OTHER_CFLAGS)",
					"-DFOLLY_NO_CONFIG",
					"-DFOLLY_MOBILE=1",
					"-DFOLLY_USE_LIBCPP=1",
					"-DFOLLY_CFG_NO_COROUTINES=1",
				);
				OTHER_LDFLAGS = (
					"$(inherited)",
					"-Wl",
					"-ld_classic",
				);
				REACT_NATIVE_PATH = "${PODS_ROOT}/../../node_modules/react-native";
				SDKROOT = iphoneos;
				USE_HERMES = true;
				VALIDATE_PRODUCT = YES;
			};
			name = Release;
		};
/* End XCBuildConfiguration section */

/* Begin XCConfigurationList section */
		00E357021AD99517003FC87E /* Build configuration list for PBXNativeTarget "schedulerTests" */ = {
			isa = XCConfigurationList;
			buildConfigurations = (
				00E356F61AD99517003FC87E /* Debug */,
				00E356F71AD99517003FC87E /* Release */,
			);
			defaultConfigurationIsVisible = 0;
			defaultConfigurationName = Release;
		};
		13B07F931A680F5B00A75B9A /* Build configuration list for PBXNativeTarget "scheduler" */ = {
			isa = XCConfigurationList;
			buildConfigurations = (
				13B07F941A680F5B00A75B9A /* Debug */,
				13B07F951A680F5B00A75B9A /* Release */,
			);
			defaultConfigurationIsVisible = 0;
			defaultConfigurationName = Release;
		};
		83CBB9FA1A601CBA00E9B192 /* Build configuration list for PBXProject "scheduler" */ = {
			isa = XCConfigurationList;
			buildConfigurations = (
				83CBBA201A601CBA00E9B192 /* Debug */,
				83CBBA211A601CBA00E9B192 /* Release */,
			);
			defaultConfigurationIsVisible = 0;
			defaultConfigurationName = Release;
		};
/* End XCConfigurationList section */
	};
	rootObject = 83CBB9F71A601CBA00E9B192 /* Project object */;
}
